
Microsoft Visual Studio Solution File, Format Version 12.00
# Visual Studio Version 17
VisualStudioVersion = 17.0.31903.59
MinimumVisualStudioVersion = 10.0.40219.1
Project("{FAE04EC0-301F-11D3-BF4B-00C04F79EFBC}") = "REnumSourceGenerator", "Generator\REnumSourceGenerator.csproj", "{73552939-198D-49E0-9213-160AF4864927}"
EndProject
Project("{FAE04EC0-301F-11D3-BF4B-00C04F79EFBC}") = "Tests", "Tests\Tests.csproj", "{3F4459C9-68A4-435E-B863-CD43D0AE6C49}"
EndProject
Project("{FAE04EC0-301F-11D3-BF4B-00C04F79EFBC}") = "REnum", "REnum\REnum.csproj", "{F9F670C3-0BB1-49EA-83D5-717191F64E58}"
EndProject
Project("{FAE04EC0-301F-11D3-BF4B-00C04F79EFBC}") = "REnumCLI", "REnumCLI\REnumCLI.csproj", "{5D8F7E53-3855-4EE0-95D2-303989E1C315}"
EndProject
Global
	GlobalSection(SolutionConfigurationPlatforms) = preSolution
		Debug|Any CPU = Debug|Any CPU
		Debug|x64 = Debug|x64
		Debug|x86 = Debug|x86
		Release|Any CPU = Release|Any CPU
		Release|x64 = Release|x64
		Release|x86 = Release|x86
	EndGlobalSection
	GlobalSection(ProjectConfigurationPlatforms) = postSolution
		{73552939-198D-49E0-9213-160AF4864927}.Debug|Any CPU.ActiveCfg = Debug|Any CPU
		{73552939-198D-49E0-9213-160AF4864927}.Debug|Any CPU.Build.0 = Debug|Any CPU
		{73552939-198D-49E0-9213-160AF4864927}.Debug|x64.ActiveCfg = Debug|Any CPU
		{73552939-198D-49E0-9213-160AF4864927}.Debug|x64.Build.0 = Debug|Any CPU
		{73552939-198D-49E0-9213-160AF4864927}.Debug|x86.ActiveCfg = Debug|Any CPU
		{73552939-198D-49E0-9213-160AF4864927}.Debug|x86.Build.0 = Debug|Any CPU
		{73552939-198D-49E0-9213-160AF4864927}.Release|Any CPU.ActiveCfg = Release|Any CPU
		{73552939-198D-49E0-9213-160AF4864927}.Release|Any CPU.Build.0 = Release|Any CPU
		{73552939-198D-49E0-9213-160AF4864927}.Release|x64.ActiveCfg = Release|Any CPU
		{73552939-198D-49E0-9213-160AF4864927}.Release|x64.Build.0 = Release|Any CPU
		{73552939-198D-49E0-9213-160AF4864927}.Release|x86.ActiveCfg = Release|Any CPU
		{73552939-198D-49E0-9213-160AF4864927}.Release|x86.Build.0 = Release|Any CPU
		{3F4459C9-68A4-435E-B863-CD43D0AE6C49}.Debug|Any CPU.ActiveCfg = Debug|Any CPU
		{3F4459C9-68A4-435E-B863-CD43D0AE6C49}.Debug|Any CPU.Build.0 = Debug|Any CPU
		{3F4459C9-68A4-435E-B863-CD43D0AE6C49}.Debug|x64.ActiveCfg = Debug|Any CPU
		{3F4459C9-68A4-435E-B863-CD43D0AE6C49}.Debug|x64.Build.0 = Debug|Any CPU
		{3F4459C9-68A4-435E-B863-CD43D0AE6C49}.Debug|x86.ActiveCfg = Debug|Any CPU
		{3F4459C9-68A4-435E-B863-CD43D0AE6C49}.Debug|x86.Build.0 = Debug|Any CPU
		{3F4459C9-68A4-435E-B863-CD43D0AE6C49}.Release|Any CPU.ActiveCfg = Release|Any CPU
		{3F4459C9-68A4-435E-B863-CD43D0AE6C49}.Release|Any CPU.Build.0 = Release|Any CPU
		{3F4459C9-68A4-435E-B863-CD43D0AE6C49}.Release|x64.ActiveCfg = Release|Any CPU
		{3F4459C9-68A4-435E-B863-CD43D0AE6C49}.Release|x64.Build.0 = Release|Any CPU
		{3F4459C9-68A4-435E-B863-CD43D0AE6C49}.Release|x86.ActiveCfg = Release|Any CPU
		{3F4459C9-68A4-435E-B863-CD43D0AE6C49}.Release|x86.Build.0 = Release|Any CPU
		{F9F670C3-0BB1-49EA-83D5-717191F64E58}.Debug|Any CPU.ActiveCfg = Debug|Any CPU
		{F9F670C3-0BB1-49EA-83D5-717191F64E58}.Debug|Any CPU.Build.0 = Debug|Any CPU
		{F9F670C3-0BB1-49EA-83D5-717191F64E58}.Debug|x64.ActiveCfg = Debug|Any CPU
		{F9F670C3-0BB1-49EA-83D5-717191F64E58}.Debug|x64.Build.0 = Debug|Any CPU
		{F9F670C3-0BB1-49EA-83D5-717191F64E58}.Debug|x86.ActiveCfg = Debug|Any CPU
		{F9F670C3-0BB1-49EA-83D5-717191F64E58}.Debug|x86.Build.0 = Debug|Any CPU
		{F9F670C3-0BB1-49EA-83D5-717191F64E58}.Release|Any CPU.ActiveCfg = Release|Any CPU
		{F9F670C3-0BB1-49EA-83D5-717191F64E58}.Release|Any CPU.Build.0 = Release|Any CPU
		{F9F670C3-0BB1-49EA-83D5-717191F64E58}.Release|x64.ActiveCfg = Release|Any CPU
		{F9F670C3-0BB1-49EA-83D5-717191F64E58}.Release|x64.Build.0 = Release|Any CPU
		{F9F670C3-0BB1-49EA-83D5-717191F64E58}.Release|x86.ActiveCfg = Release|Any CPU
		{F9F670C3-0BB1-49EA-83D5-717191F64E58}.Release|x86.Build.0 = Release|Any CPU
		{5D8F7E53-3855-4EE0-95D2-303989E1C315}.Debug|Any CPU.ActiveCfg = Debug|Any CPU
		{5D8F7E53-3855-4EE0-95D2-303989E1C315}.Debug|Any CPU.Build.0 = Debug|Any CPU
		{5D8F7E53-3855-4EE0-95D2-303989E1C315}.Debug|x64.ActiveCfg = Debug|Any CPU
		{5D8F7E53-3855-4EE0-95D2-303989E1C315}.Debug|x64.Build.0 = Debug|Any CPU
		{5D8F7E53-3855-4EE0-95D2-303989E1C315}.Debug|x86.ActiveCfg = Debug|Any CPU
		{5D8F7E53-3855-4EE0-95D2-303989E1C315}.Debug|x86.Build.0 = Debug|Any CPU
		{5D8F7E53-3855-4EE0-95D2-303989E1C315}.Release|Any CPU.ActiveCfg = Release|Any CPU
		{5D8F7E53-3855-4EE0-95D2-303989E1C315}.Release|Any CPU.Build.0 = Release|Any CPU
		{5D8F7E53-3855-4EE0-95D2-303989E1C315}.Release|x64.ActiveCfg = Release|Any CPU
		{5D8F7E53-3855-4EE0-95D2-303989E1C315}.Release|x64.Build.0 = Release|Any CPU
		{5D8F7E53-3855-4EE0-95D2-303989E1C315}.Release|x86.ActiveCfg = Release|Any CPU
		{5D8F7E53-3855-4EE0-95D2-303989E1C315}.Release|x86.Build.0 = Release|Any CPU
	EndGlobalSection
	GlobalSection(SolutionProperties) = preSolution
		HideSolutionNode = FALSE
	EndGlobalSection
EndGlobal
